
Microsoft Visual Studio Solution File, Format Version 12.00
# Visual Studio 15
VisualStudioVersion = 15.0.28307.1022
MinimumVisualStudioVersion = 10.0.40219.1
Project("{FAE04EC0-301F-11D3-BF4B-00C04F79EFBC}") = "CS_Step89", "CS_Step89\CS_Step89.csproj", "{3CFA9B80-6D58-4008-8197-6233E0A87158}"
EndProject
Global
	GlobalSection(SolutionConfigurationPlatforms) = preSolution
		Debug|Any CPU = Debug|Any CPU
		Release|Any CPU = Release|Any CPU
	EndGlobalSection
	GlobalSection(ProjectConfigurationPlatforms) = postSolution
		{3CFA9B80-6D58-4008-8197-6233E0A87158}.Debug|Any CPU.ActiveCfg = Debug|Any CPU
		{3CFA9B80-6D58-4008-8197-6233E0A87158}.Debug|Any CPU.Build.0 = Debug|Any CPU
		{3CFA9B80-6D58-4008-8197-6233E0A87158}.Release|Any CPU.ActiveCfg = Release|Any CPU
		{3CFA9B80-6D58-4008-8197-6233E0A87158}.Release|Any CPU.Build.0 = Release|Any CPU
	EndGlobalSection
	GlobalSection(SolutionProperties) = preSolution
		HideSolutionNode = FALSE
	EndGlobalSection
	GlobalSection(ExtensibilityGlobals) = postSolution
		SolutionGuid = {80487658-1DBB-43E3-9A56-812F477AFC47}
	EndGlobalSection
EndGlobal
